
Microsoft Visual Studio Solution File, Format Version 12.00
# Visual Studio Version 17
VisualStudioVersion = 17.14.36221.1 d17.14
MinimumVisualStudioVersion = 10.0.40219.1
Project("{FAE04EC0-301F-11D3-BF4B-00C04F79EFBC}") = "DisCord", "DisCord\DisCord.csproj", "{4A975B3F-1130-41E9-8BAD-DA3C73C846FC}"
EndProject
Global
	GlobalSection(SolutionConfigurationPlatforms) = preSolution
		Debug|Any CPU = Debug|Any CPU
		Release|Any CPU = Release|Any CPU
	EndGlobalSection
	GlobalSection(ProjectConfigurationPlatforms) = postSolution
		{4A975B3F-1130-41E9-8BAD-DA3C73C846FC}.Debug|Any CPU.ActiveCfg = Debug|Any CPU
		{4A975B3F-1130-41E9-8BAD-DA3C73C846FC}.Debug|Any CPU.Build.0 = Debug|Any CPU
		{4A975B3F-1130-41E9-8BAD-DA3C73C846FC}.Release|Any CPU.ActiveCfg = Release|Any CPU
		{4A975B3F-1130-41E9-8BAD-DA3C73C846FC}.Release|Any CPU.Build.0 = Release|Any CPU
	EndGlobalSection
	GlobalSection(SolutionProperties) = preSolution
		HideSolutionNode = FALSE
	EndGlobalSection
	GlobalSection(ExtensibilityGlobals) = postSolution
		SolutionGuid = {9B00A9F7-6F62-47EC-AB9E-3FC183CB16A5}
	EndGlobalSection
EndGlobal
